<?xml version="1.0" encoding="utf-8"?>
<Project ToolsVersion="4.0" xmlns="http://schemas.microsoft.com/developer/msbuild/2003">
  <ItemGroup>
    <Filter Include="utilities">
      <UniqueIdentifier>{4FC737F1-C7A5-4376-A066-2A32D752A2FF}</UniqueIdentifier>
      <Extensions>cpp;c;cc;cxx;def;odl;idl;hpj;bat;asm;asmx</Extensions>
    </Filter>
    <Filter Include="core">
      <UniqueIdentifier>{67DA6AB6-F800-4c08-8B7A-83BB121AAD01}</UniqueIdentifier>
      <Extensions>rc;ico;cur;bmp;dlg;rc2;rct;bin;rgs;gif;jpg;jpeg;jpe;resx;tiff;tif;png;wav;mfcribbon-ms</Extensions>
    </Filter>
  </ItemGroup>
  <ItemGroup>
    <ClInclude Include="j1App.h">
      <Filter>core</Filter>
    </ClInclude>
    <ClInclude Include="j1Module.h">
      <Filter>core</Filter>
    </ClInclude>
    <ClInclude Include="p2Defs.h">
      <Filter>utilities</Filter>
    </ClInclude>
    <ClInclude Include="p2Log.h">
      <Filter>utilities</Filter>
    </ClInclude>
    <ClInclude Include="p2Point.h">
      <Filter>utilities</Filter>
    </ClInclude>
  </ItemGroup>
  <ItemGroup>
    <ClCompile Include="j1App.cpp">
      <Filter>core</Filter>
    </ClCompile>
    <ClCompile Include="j1Main.cpp">
      <Filter>core</Filter>
    </ClCompile>
    <ClCompile Include="p2Log.cpp">
      <Filter>utilities</Filter>
    </ClCompile>
  </ItemGroup>
</Project>